
Microsoft Visual Studio Solution File, Format Version 12.00
# Visual Studio Version 17
VisualStudioVersion = 17.1.32210.238
MinimumVisualStudioVersion = 10.0.40219.1
Project("{FAE04EC0-301F-11D3-BF4B-00C04F79EFBC}") = "TrackingCarPark", "TrackingCarPark.csproj", "{10FD9470-06D9-445C-907E-86ED797B382B}"
EndProject
Project("{FAE04EC0-301F-11D3-BF4B-00C04F79EFBC}") = "TrackingCarTesting", "..\TrackingCarTesting\TrackingCarTesting.csproj", "{14DA4FBC-948D-4C96-A40F-376A56592AC9}"
EndProject
Global
	GlobalSection(SolutionConfigurationPlatforms) = preSolution
		Debug|Any CPU = Debug|Any CPU
		Release|Any CPU = Release|Any CPU
	EndGlobalSection
	GlobalSection(ProjectConfigurationPlatforms) = postSolution
		{10FD9470-06D9-445C-907E-86ED797B382B}.Debug|Any CPU.ActiveCfg = Debug|Any CPU
		{10FD9470-06D9-445C-907E-86ED797B382B}.Debug|Any CPU.Build.0 = Debug|Any CPU
		{10FD9470-06D9-445C-907E-86ED797B382B}.Release|Any CPU.ActiveCfg = Release|Any CPU
		{10FD9470-06D9-445C-907E-86ED797B382B}.Release|Any CPU.Build.0 = Release|Any CPU
		{14DA4FBC-948D-4C96-A40F-376A56592AC9}.Debug|Any CPU.ActiveCfg = Debug|Any CPU
		{14DA4FBC-948D-4C96-A40F-376A56592AC9}.Debug|Any CPU.Build.0 = Debug|Any CPU
		{14DA4FBC-948D-4C96-A40F-376A56592AC9}.Release|Any CPU.ActiveCfg = Release|Any CPU
		{14DA4FBC-948D-4C96-A40F-376A56592AC9}.Release|Any CPU.Build.0 = Release|Any CPU
	EndGlobalSection
	GlobalSection(SolutionProperties) = preSolution
		HideSolutionNode = FALSE
	EndGlobalSection
	GlobalSection(ExtensibilityGlobals) = postSolution
		SolutionGuid = {2EEAD5AE-E41A-4339-BA83-9DA96C88B900}
	EndGlobalSection
EndGlobal
